# THIS IS AN AUTOGENERATED FILE. DO NOT EDIT THIS FILE DIRECTLY.
# yarn lockfile v1


"@1hive/connect-honey-pot@link:..":
  version "0.0.0"
  uid ""

"@aragon/connect-core@0.7.0", "@aragon/connect-core@^0.7.0":
  version "0.7.0"
  resolved "https://registry.yarnpkg.com/@aragon/connect-core/-/connect-core-0.7.0.tgz#2464a1ce136fb1166d0de32fcada5a8c5da6e2dc"
  integrity sha512-Edt42nVzuuQ1weVIVILIZts8k8//40AYzmikROH9WtWxGQyR41PPf3rLTkVtFnuekfVk/3qr1NSeRXuEJBXzXQ==
  dependencies:
    ethers "^5.0.7"
    radspec "^2.0.0-rc.2"

"@aragon/connect-ethereum@^0.7.0":
  version "0.7.0"
  resolved "https://registry.yarnpkg.com/@aragon/connect-ethereum/-/connect-ethereum-0.7.0.tgz#c58b1a0eb92e8ecf0b1207b4654eca56e4d94969"
  integrity sha512-0wjMHq5VVgAKqicClKEWqtREQl/ISQsv9QYGTtktvSuIrlDV9+TPzrv3HSYxSn7IpwGJMa0fUvoKhvm94jq1dg==
  dependencies:
    "@aragon/connect-core" "^0.7.0"

"@aragon/connect-thegraph@0.7.0", "@aragon/connect-thegraph@^0.7.0":
  version "0.7.0"
  resolved "https://registry.yarnpkg.com/@aragon/connect-thegraph/-/connect-thegraph-0.7.0.tgz#f4331d19ab78f33047b852adbd970efd6cd547b1"
  integrity sha512-2s7uqMdoMEqr3M4r6tAoNAlOo3+yQRoRwxRy0i8r3mBhmo5kjU/jkfnLQO1SpS3HRHZrMZcc9Tkrj0zlijurDw==
  dependencies:
    "@aragon/connect-core" "^0.7.0"
    "@urql/core" "^1.11.7"
    graphql "^15.0.0"
    graphql-tag "^2.10.3"
    isomorphic-unfetch "^3.0.0"
    isomorphic-ws "^4.0.1"
    subscriptions-transport-ws "^0.9.16"

"@aragon/connect@0.7.0":
  version "0.7.0"
  resolved "https://registry.yarnpkg.com/@aragon/connect/-/connect-0.7.0.tgz#ee667747c3d5e4b10c7faca7d84d4185597ed3a8"
  integrity sha512-YXdTmJAZXaMybmdb+21vV8Wg8xjGUkPdvXGLN+bQS5Dw044TLNL3rhpYn4k+CKijVXlO9vi702ohmU+S1SSy/A==
  dependencies:
    "@aragon/connect-core" "^0.7.0"
    "@aragon/connect-ethereum" "^0.7.0"
    "@aragon/connect-thegraph" "^0.7.0"

"@babel/runtime@^7.1.2":
  version "7.11.2"
  resolved "https://registry.yarnpkg.com/@babel/runtime/-/runtime-7.11.2.tgz#f549c13c754cc40b87644b9fa9f09a6a95fe0736"
  integrity sha512-TeWkU52so0mPtDcaCTxNBI/IHiz0pZgr8VEFqXFtZWpYD08ZB6FaSwVAS8MKRQAP3bYKiVjwysOJgMFY28o6Tw==
  dependencies:
    regenerator-runtime "^0.13.4"

"@ethersproject/abi@^5.0.5":
  version "5.0.5"
  resolved "https://registry.yarnpkg.com/@ethersproject/abi/-/abi-5.0.5.tgz#6e7bbf9d014791334233ba18da85331327354aa1"
  integrity sha512-FNx6UMm0LnmCMFzN3urohFwZpjbUHPvc/O60h4qkF4yiJxLJ/G7QOSPjkHQ/q/QibagR4S7OKQawRy0NcvWa9w==
  dependencies:
    "@ethersproject/address" "^5.0.4"
    "@ethersproject/bignumber" "^5.0.7"
    "@ethersproject/bytes" "^5.0.4"
    "@ethersproject/constants" "^5.0.4"
    "@ethersproject/hash" "^5.0.4"
    "@ethersproject/keccak256" "^5.0.3"
    "@ethersproject/logger" "^5.0.5"
    "@ethersproject/properties" "^5.0.3"
    "@ethersproject/strings" "^5.0.4"

"@ethersproject/abstract-provider@^5.0.4":
  version "5.0.4"
  resolved "https://registry.yarnpkg.com/@ethersproject/abstract-provider/-/abstract-provider-5.0.4.tgz#ef12df8cb5e66d0d47b567ad6ed642d682043773"
  integrity sha512-EOCHUTS8jOE3WZlA1pq9b/vQwKDyDzMy4gXeAv0wZecH1kwUkD0++x8avxeSYoWI+aJn62P1FVV9B6r9pM56kQ==
  dependencies:
    "@ethersproject/bignumber" "^5.0.7"
    "@ethersproject/bytes" "^5.0.4"
    "@ethersproject/logger" "^5.0.5"
    "@ethersproject/networks" "^5.0.3"
    "@ethersproject/properties" "^5.0.3"
    "@ethersproject/transactions" "^5.0.5"
    "@ethersproject/web" "^5.0.6"

"@ethersproject/abstract-signer@^5.0.4":
  version "5.0.5"
  resolved "https://registry.yarnpkg.com/@ethersproject/abstract-signer/-/abstract-signer-5.0.5.tgz#d1cdea6b0b82fb8e4a83f6899ba84d3dc3bb6e66"
  integrity sha512-nwSZKtCTKhJADlW42c+a//lWxQlnA7jYLTnabJ3YCfgGU6ic9jnT9nRDlAyT1U3kCMeqPL7fTcKbdWCVrM0xsw==
  dependencies:
    "@ethersproject/abstract-provider" "^5.0.4"
    "@ethersproject/bignumber" "^5.0.7"
    "@ethersproject/bytes" "^5.0.4"
    "@ethersproject/logger" "^5.0.5"
    "@ethersproject/properties" "^5.0.3"

"@ethersproject/address@^5.0.4":
  version "5.0.4"
  resolved "https://registry.yarnpkg.com/@ethersproject/address/-/address-5.0.4.tgz#8669bcbd02f4b64f4cede0a10e84df6d964ec9d3"
  integrity sha512-CIjAeG6zNehbpJTi0sgwUvaH2ZICiAV9XkCBaFy5tjuEVFpQNeqd6f+B7RowcNO7Eut+QbhcQ5CVLkmP5zhL9A==
  dependencies:
    "@ethersproject/bignumber" "^5.0.7"
    "@ethersproject/bytes" "^5.0.4"
    "@ethersproject/keccak256" "^5.0.3"
    "@ethersproject/logger" "^5.0.5"
    "@ethersproject/rlp" "^5.0.3"
    bn.js "^4.4.0"

"@ethersproject/base64@^5.0.3":
  version "5.0.3"
  resolved "https://registry.yarnpkg.com/@ethersproject/base64/-/base64-5.0.3.tgz#d0aaa32c9ab08e2d62a6238581607ab6e929297e"
  integrity sha512-sFq+/UwGCQsLxMvp7yO7yGWni87QXoV3C3IfjqUSY2BHkbZbCDm+PxZviUkiKf+edYZ2Glp0XnY7CgKSYUN9qw==
  dependencies:
    "@ethersproject/bytes" "^5.0.4"

"@ethersproject/basex@^5.0.3":
  version "5.0.3"
  resolved "https://registry.yarnpkg.com/@ethersproject/basex/-/basex-5.0.3.tgz#f8c9bc449a089131f52cfa8698cf77bc22e27e32"
  integrity sha512-EvoER+OXsMAZlvbC0M/9UTxjvbBvTccYCI+uCAhXw+eS1+SUdD4v7ekAFpVX78rPLrLZB1vChKMm6vPHIu3WRA==
  dependencies:
    "@ethersproject/bytes" "^5.0.4"
    "@ethersproject/properties" "^5.0.3"

"@ethersproject/bignumber@^5.0.7":
  version "5.0.7"
  resolved "https://registry.yarnpkg.com/@ethersproject/bignumber/-/bignumber-5.0.7.tgz#720b3e3df3e125a99669ee869478106d0afe7b76"
  integrity sha512-wwKgDJ+KA7IpgJwc8Fc0AjKIRuDskKA2cque29/+SgII9/1K/38JpqVNPKIovkLwTC2DDofIyzHcxeaKpMFouQ==
  dependencies:
    "@ethersproject/bytes" "^5.0.4"
    "@ethersproject/logger" "^5.0.5"
    bn.js "^4.4.0"

"@ethersproject/bytes@^5.0.4":
  version "5.0.4"
  resolved "https://registry.yarnpkg.com/@ethersproject/bytes/-/bytes-5.0.4.tgz#328d9d929a3e970964ecf5d62e12568a187189f1"
  integrity sha512-9R6A6l9JN8x1U4s1dJCR+9h3MZTT3xQofr/Xx8wbDvj6NnY4CbBB0o8ZgHXvR74yV90pY2EzCekpkMBJnRzkSw==
  dependencies:
    "@ethersproject/logger" "^5.0.5"

"@ethersproject/constants@^5.0.4":
  version "5.0.4"
  resolved "https://registry.yarnpkg.com/@ethersproject/constants/-/constants-5.0.4.tgz#9ddaa5f3c738a94e5adc4b3f71b36206fa5cdf88"
  integrity sha512-Df32lcXDHPgZRPgp1dgmByNbNe4Ki1QoXR+wU61on5nggQGTqWR1Bb7pp9VtI5Go9kyE/JflFc4Te6o9MvYt8A==
  dependencies:
    "@ethersproject/bignumber" "^5.0.7"

"@ethersproject/contracts@^5.0.4":
  version "5.0.4"
  resolved "https://registry.yarnpkg.com/@ethersproject/contracts/-/contracts-5.0.4.tgz#27a2d7e3a7eef9bd8d006824ac2a74157b523988"
  integrity sha512-gfOZNgLiO9e1D/hmQ4sEyqoolw6jDFVfqirGJv3zyFKNyX+lAXLN7YAZnnWVmp4GU1jiMtSqQKjpWp7r6ihs3Q==
  dependencies:
    "@ethersproject/abi" "^5.0.5"
    "@ethersproject/abstract-provider" "^5.0.4"
    "@ethersproject/abstract-signer" "^5.0.4"
    "@ethersproject/address" "^5.0.4"
    "@ethersproject/bignumber" "^5.0.7"
    "@ethersproject/bytes" "^5.0.4"
    "@ethersproject/constants" "^5.0.4"
    "@ethersproject/logger" "^5.0.5"
    "@ethersproject/properties" "^5.0.3"

"@ethersproject/hash@^5.0.4":
  version "5.0.4"
  resolved "https://registry.yarnpkg.com/@ethersproject/hash/-/hash-5.0.4.tgz#385642786405d236f3d2f1acdfaf250ab519cdac"
  integrity sha512-VCs/bFBU8AQFhHcT1cQH6x7a4zjulR6fJmAOcPxUgrN7bxOQ7QkpBKF+YCDJhFtkLdaljIsr/r831TuWU4Ysfg==
  dependencies:
    "@ethersproject/bytes" "^5.0.4"
    "@ethersproject/keccak256" "^5.0.3"
    "@ethersproject/logger" "^5.0.5"
    "@ethersproject/strings" "^5.0.4"

"@ethersproject/hdnode@^5.0.4":
  version "5.0.4"
  resolved "https://registry.yarnpkg.com/@ethersproject/hdnode/-/hdnode-5.0.4.tgz#9c07a87781b24b9cae3507fe9404361c5870f1b7"
  integrity sha512-eHmpNLvasfB4xbmQUvKXOsGF4ekjIKJH/eZm7fc6nIdMci9u5ERooSSRLjs9Dsa5QuJf6YD4DbqeJsT71n47iw==
  dependencies:
    "@ethersproject/abstract-signer" "^5.0.4"
    "@ethersproject/basex" "^5.0.3"
    "@ethersproject/bignumber" "^5.0.7"
    "@ethersproject/bytes" "^5.0.4"
    "@ethersproject/logger" "^5.0.5"
    "@ethersproject/pbkdf2" "^5.0.3"
    "@ethersproject/properties" "^5.0.3"
    "@ethersproject/sha2" "^5.0.3"
    "@ethersproject/signing-key" "^5.0.4"
    "@ethersproject/strings" "^5.0.4"
    "@ethersproject/transactions" "^5.0.5"
    "@ethersproject/wordlists" "^5.0.4"

"@ethersproject/json-wallets@^5.0.6":
  version "5.0.6"
  resolved "https://registry.yarnpkg.com/@ethersproject/json-wallets/-/json-wallets-5.0.6.tgz#c6c1818dcab18ecf3f37fa59ca504b9bc162d559"
  integrity sha512-BPCfyGdwOUSp6+xA59IaZ/2pUWrUOL5Z9HuCh8YLsJzkuyBJQN0j+z/PmhIiZ7X8ilhuE+pRUwXb42U/R39fig==
  dependencies:
    "@ethersproject/abstract-signer" "^5.0.4"
    "@ethersproject/address" "^5.0.4"
    "@ethersproject/bytes" "^5.0.4"
    "@ethersproject/hdnode" "^5.0.4"
    "@ethersproject/keccak256" "^5.0.3"
    "@ethersproject/logger" "^5.0.5"
    "@ethersproject/pbkdf2" "^5.0.3"
    "@ethersproject/properties" "^5.0.3"
    "@ethersproject/random" "^5.0.3"
    "@ethersproject/strings" "^5.0.4"
    "@ethersproject/transactions" "^5.0.5"
    aes-js "3.0.0"
    scrypt-js "3.0.1"

"@ethersproject/keccak256@^5.0.3":
  version "5.0.3"
  resolved "https://registry.yarnpkg.com/@ethersproject/keccak256/-/keccak256-5.0.3.tgz#f094a8fca3bb913c044593c4f382be424292e588"
  integrity sha512-VhW3mgZMBZlETV6AyOmjNeNG+Pg68igiKkPpat8/FZl0CKnfgQ+KZQZ/ee1vT+X0IUM8/djqnei6btmtbA27Ug==
  dependencies:
    "@ethersproject/bytes" "^5.0.4"
    js-sha3 "0.5.7"

"@ethersproject/logger@^5.0.5":
  version "5.0.5"
  resolved "https://registry.yarnpkg.com/@ethersproject/logger/-/logger-5.0.5.tgz#e3ba3d0bcf9f5be4da5f043b1e328eb98b80002f"
  integrity sha512-gJj72WGzQhUtCk6kfvI8elTaPOQyMvrMghp/nbz0ivTo39fZ7IjypFh/ySDeUSdBNplAwhzWKKejQhdpyefg/w==

"@ethersproject/networks@^5.0.3":
  version "5.0.3"
  resolved "https://registry.yarnpkg.com/@ethersproject/networks/-/networks-5.0.3.tgz#c4ebe56e79ca399247382627e50a022aa68ece55"
  integrity sha512-Gjpejul6XFetJXyvHCd37IiCC00203kYGU9sMaRMZcAcYKszCkbOeo/Q7Mmdr/fS7YBbB5iTOahDJWiRLu/b7A==
  dependencies:
    "@ethersproject/logger" "^5.0.5"

"@ethersproject/pbkdf2@^5.0.3":
  version "5.0.3"
  resolved "https://registry.yarnpkg.com/@ethersproject/pbkdf2/-/pbkdf2-5.0.3.tgz#f9eca284a458cd11179d407884c595412d8d2775"
  integrity sha512-asc+YgJn7v7GKWYXGz3GM1d9XYI2HvdCw1cLEow2niEC9BfYA29rr1exz100zISk95GIU1YP2zV//zHsMtWE5Q==
  dependencies:
    "@ethersproject/bytes" "^5.0.4"
    "@ethersproject/sha2" "^5.0.3"

"@ethersproject/properties@^5.0.3":
  version "5.0.3"
  resolved "https://registry.yarnpkg.com/@ethersproject/properties/-/properties-5.0.3.tgz#991aef39a5f87d4645cee76cec4df868bfb08be6"
  integrity sha512-wLCSrbywkQgTO6tIF9ZdKsH9AIxPEqAJF/z5xcPkz1DK4mMAZgAXRNw1MrKYhyb+7CqNHbj3vxenNKFavGY/IA==
  dependencies:
    "@ethersproject/logger" "^5.0.5"

"@ethersproject/providers@^5.0.8":
  version "5.0.9"
  resolved "https://registry.yarnpkg.com/@ethersproject/providers/-/providers-5.0.9.tgz#88b48596dcfb0848a89da3160d2e2a055fc899f6"
  integrity sha512-UtGrlJxekFNV7lriPOxQbnYminyiwTgjHMPX83pG7N/W/t+PekQK8V9rdlvMr2bRyGgafHml0ZZMaTV4FxiBYg==
  dependencies:
    "@ethersproject/abstract-provider" "^5.0.4"
    "@ethersproject/abstract-signer" "^5.0.4"
    "@ethersproject/address" "^5.0.4"
    "@ethersproject/basex" "^5.0.3"
    "@ethersproject/bignumber" "^5.0.7"
    "@ethersproject/bytes" "^5.0.4"
    "@ethersproject/constants" "^5.0.4"
    "@ethersproject/hash" "^5.0.4"
    "@ethersproject/logger" "^5.0.5"
    "@ethersproject/networks" "^5.0.3"
    "@ethersproject/properties" "^5.0.3"
    "@ethersproject/random" "^5.0.3"
    "@ethersproject/rlp" "^5.0.3"
    "@ethersproject/sha2" "^5.0.3"
    "@ethersproject/strings" "^5.0.4"
    "@ethersproject/transactions" "^5.0.5"
    "@ethersproject/web" "^5.0.6"
    bech32 "1.1.4"
    ws "7.2.3"

"@ethersproject/random@^5.0.3":
  version "5.0.3"
  resolved "https://registry.yarnpkg.com/@ethersproject/random/-/random-5.0.3.tgz#ec16546fffdc10b9082f1207bd3a09f54cbcf5e6"
  integrity sha512-pEhWRbgNeAY1oYk4nIsEtCTh9TtLsivIDbOX11n+DLZLYM3c8qCLxThXtsHwVsMs1JHClZr5auYC4YxtVVzO/A==
  dependencies:
    "@ethersproject/bytes" "^5.0.4"
    "@ethersproject/logger" "^5.0.5"

"@ethersproject/rlp@^5.0.3":
  version "5.0.3"
  resolved "https://registry.yarnpkg.com/@ethersproject/rlp/-/rlp-5.0.3.tgz#841a5edfdf725f92155fe74424f5510c9043c13a"
  integrity sha512-Hz4yyA/ilGafASAqtTlLWkA/YqwhQmhbDAq2LSIp1AJNx+wtbKWFAKSckpeZ+WG/xZmT+fw5OFKK7a5IZ4DR5g==
  dependencies:
    "@ethersproject/bytes" "^5.0.4"
    "@ethersproject/logger" "^5.0.5"

"@ethersproject/sha2@^5.0.3":
  version "5.0.3"
  resolved "https://registry.yarnpkg.com/@ethersproject/sha2/-/sha2-5.0.3.tgz#52c16edc1135d0ec7d242d88eed035dae72800c0"
  integrity sha512-B1U9UkgxhUlC1J4sFUL2GwTo33bM2i/aaD3aiYdTh1FEXtGfqYA89KN1DJ83n+Em8iuvyiBRk6u30VmgqlHeHA==
  dependencies:
    "@ethersproject/bytes" "^5.0.4"
    "@ethersproject/logger" "^5.0.5"
    hash.js "1.1.3"

"@ethersproject/signing-key@^5.0.4":
  version "5.0.4"
  resolved "https://registry.yarnpkg.com/@ethersproject/signing-key/-/signing-key-5.0.4.tgz#a5334ce8a52d4e9736dc8fb6ecc384704ecf8783"
  integrity sha512-I6pJoga1IvhtjYK5yXzCjs4ZpxrVbt9ZRAlpEw0SW9UuV020YfJH5EIVEGR2evdRceS3nAQIggqbsXSkP8Y1Dg==
  dependencies:
    "@ethersproject/bytes" "^5.0.4"
    "@ethersproject/logger" "^5.0.5"
    "@ethersproject/properties" "^5.0.3"
    elliptic "6.5.3"

"@ethersproject/solidity@^5.0.4":
  version "5.0.4"
  resolved "https://registry.yarnpkg.com/@ethersproject/solidity/-/solidity-5.0.4.tgz#67022cbfb50cb73b72d1739178537a9e798945bf"
  integrity sha512-cUq1l8A+AgRkIItRoztC98Qx7b0bMNMzKX817fszDuGNsT2POAyP5knvuEt4Fx4IBcJREXoOjsGYFfjyK5Sa+w==
  dependencies:
    "@ethersproject/bignumber" "^5.0.7"
    "@ethersproject/bytes" "^5.0.4"
    "@ethersproject/keccak256" "^5.0.3"
    "@ethersproject/sha2" "^5.0.3"
    "@ethersproject/strings" "^5.0.4"

"@ethersproject/strings@^5.0.4":
  version "5.0.4"
  resolved "https://registry.yarnpkg.com/@ethersproject/strings/-/strings-5.0.4.tgz#67cda604eee3ffcc004cb9f3bd03516e1c7b09a0"
  integrity sha512-azXFHaNkDXzefhr4LVVzzDMFwj3kH9EOKlATu51HjxabQafuUyVLPFgmxRFmCynnAi0Bmmp7nr+qK1pVDgRDLQ==
  dependencies:
    "@ethersproject/bytes" "^5.0.4"
    "@ethersproject/constants" "^5.0.4"
    "@ethersproject/logger" "^5.0.5"

"@ethersproject/transactions@^5.0.5":
  version "5.0.5"
  resolved "https://registry.yarnpkg.com/@ethersproject/transactions/-/transactions-5.0.5.tgz#9a966f9ef4817b1752265d4efee0f1e9fd6aeaad"
  integrity sha512-1Ga/QmbcB74DItggP8/DK1tggu4ErEvwTkIwIlUXUcvIAuRNXXE7kgQhlp+w1xA/SAQFhv56SqCoyqPiiLCvVA==
  dependencies:
    "@ethersproject/address" "^5.0.4"
    "@ethersproject/bignumber" "^5.0.7"
    "@ethersproject/bytes" "^5.0.4"
    "@ethersproject/constants" "^5.0.4"
    "@ethersproject/keccak256" "^5.0.3"
    "@ethersproject/logger" "^5.0.5"
    "@ethersproject/properties" "^5.0.3"
    "@ethersproject/rlp" "^5.0.3"
    "@ethersproject/signing-key" "^5.0.4"

"@ethersproject/units@^5.0.4":
  version "5.0.4"
  resolved "https://registry.yarnpkg.com/@ethersproject/units/-/units-5.0.4.tgz#e08876b54e1f6b362a841dcd986496a425875735"
  integrity sha512-80d6skjDgiHLdbKOA9FVpzyMEPwbif40PbGd970JvcecVf48VjB09fUu37d6duG8DhRVyefRdX8nuVQLzcGGPw==
  dependencies:
    "@ethersproject/bignumber" "^5.0.7"
    "@ethersproject/constants" "^5.0.4"
    "@ethersproject/logger" "^5.0.5"

"@ethersproject/wallet@^5.0.4":
  version "5.0.4"
  resolved "https://registry.yarnpkg.com/@ethersproject/wallet/-/wallet-5.0.4.tgz#b414ae2870fc0ea10808330f0ab3c5a1ac9e34e1"
  integrity sha512-h/3mdy6HZVketHbs6ZP/WjHDz+rtTIE3qZrko2MVeafjgDcYWaHcVmhsPq4LGqxginhr191a4dkJDNeQrQZWOw==
  dependencies:
    "@ethersproject/abstract-provider" "^5.0.4"
    "@ethersproject/abstract-signer" "^5.0.4"
    "@ethersproject/address" "^5.0.4"
    "@ethersproject/bignumber" "^5.0.7"
    "@ethersproject/bytes" "^5.0.4"
    "@ethersproject/hash" "^5.0.4"
    "@ethersproject/hdnode" "^5.0.4"
    "@ethersproject/json-wallets" "^5.0.6"
    "@ethersproject/keccak256" "^5.0.3"
    "@ethersproject/logger" "^5.0.5"
    "@ethersproject/properties" "^5.0.3"
    "@ethersproject/random" "^5.0.3"
    "@ethersproject/signing-key" "^5.0.4"
    "@ethersproject/transactions" "^5.0.5"
    "@ethersproject/wordlists" "^5.0.4"

"@ethersproject/web@^5.0.6":
  version "5.0.7"
  resolved "https://registry.yarnpkg.com/@ethersproject/web/-/web-5.0.7.tgz#ab8ccffa9cee9469a8b49af8b8fee30e384e59d8"
  integrity sha512-BM8FdGrzdcULYaOIyMXDKvxv+qOwGne8FKpPxUrifZIWAWPrq/y+oBOZlzadIKsP3wvYbAcMN2CgOLO1E3yIfw==
  dependencies:
    "@ethersproject/base64" "^5.0.3"
    "@ethersproject/bytes" "^5.0.4"
    "@ethersproject/logger" "^5.0.5"
    "@ethersproject/properties" "^5.0.3"
    "@ethersproject/strings" "^5.0.4"

"@ethersproject/wordlists@^5.0.4":
  version "5.0.4"
  resolved "https://registry.yarnpkg.com/@ethersproject/wordlists/-/wordlists-5.0.4.tgz#76a7e1dfd95aea645f6be2c1932b3f89b7f0c4ce"
  integrity sha512-z/NsGqdYFvpeG6vPLxuD0pYNR5lLhQAy+oLVqg6G0o1c/OoL5J/a0iDOAFvnacQphc3lMP52d1LEX3YGoy2oBQ==
  dependencies:
    "@ethersproject/bytes" "^5.0.4"
    "@ethersproject/hash" "^5.0.4"
    "@ethersproject/logger" "^5.0.5"
    "@ethersproject/properties" "^5.0.3"
    "@ethersproject/strings" "^5.0.4"

"@urql/core@^1.11.7":
  version "1.13.0"
  resolved "https://registry.yarnpkg.com/@urql/core/-/core-1.13.0.tgz#811154b5951b4282dd698a8c9dff4ff3825ca215"
  integrity sha512-g7Kn2a0TDQotOqvGR7bRC+JqviA4TYtiDZH5M9Roszx7LiqZBkViSr5zmdwlNZjR4kSDn+kSXlCV+Ht0Uqls0Q==
  dependencies:
    wonka "^4.0.14"

aes-js@3.0.0:
  version "3.0.0"
  resolved "https://registry.yarnpkg.com/aes-js/-/aes-js-3.0.0.tgz#e21df10ad6c2053295bcbb8dab40b09dbea87e4d"
  integrity sha1-4h3xCtbCBTKVvLuNq0Cwnb6ofk0=

arg@^4.1.0:
  version "4.1.3"
  resolved "https://registry.yarnpkg.com/arg/-/arg-4.1.3.tgz#269fc7ad5b8e42cb63c896d5666017261c144089"
  integrity sha512-58S9QDqG0Xx27YwPSt9fJxivjYl432YCwfDMfZ+71RAqUrZef7LrKQZ3LHLOwCS4FLNBplP533Zx895SeOCHvA==

async-limiter@~1.0.0:
  version "1.0.1"
  resolved "https://registry.yarnpkg.com/async-limiter/-/async-limiter-1.0.1.tgz#dd379e94f0db8310b08291f9d64c3209766617fd"
  integrity sha512-csOlWGAcRFJaI6m+F2WKdnMKr4HhdhFVBk0H/QbJFMCr+uO2kwohwXQPxw/9OCxp05r5ghVBFSyioixx3gfkNQ==

backo2@^1.0.2:
  version "1.0.2"
  resolved "https://registry.yarnpkg.com/backo2/-/backo2-1.0.2.tgz#31ab1ac8b129363463e35b3ebb69f4dfcfba7947"
  integrity sha1-MasayLEpNjRj41s+u2n038+6eUc=

bech32@1.1.4:
  version "1.1.4"
  resolved "https://registry.yarnpkg.com/bech32/-/bech32-1.1.4.tgz#e38c9f37bf179b8eb16ae3a772b40c356d4832e9"
  integrity sha512-s0IrSOzLlbvX7yp4WBfPITzpAU8sqQcpsmwXDiKwrG4r491vwCO/XpejasRNl0piBMe/DvP4Tz0mIS/X1DPJBQ==

bn.js@^4.4.0:
  version "4.11.9"
  resolved "https://registry.yarnpkg.com/bn.js/-/bn.js-4.11.9.tgz#26d556829458f9d1e81fc48952493d0ba3507828"
  integrity sha512-E6QoYqCKZfgatHTdHzs1RRKP7ip4vvm+EyRUeE2RF0NblwVvb0p6jSVeNTOFxPn26QXN2o6SMfNxKp6kU8zQaw==

brorand@^1.0.1:
  version "1.1.0"
  resolved "https://registry.yarnpkg.com/brorand/-/brorand-1.1.0.tgz#12c25efe40a45e3c323eb8675a0a0ce57b22371f"
  integrity sha1-EsJe/kCkXjwyPrhnWgoM5XsiNx8=

buffer-from@^1.0.0:
  version "1.1.1"
  resolved "https://registry.yarnpkg.com/buffer-from/-/buffer-from-1.1.1.tgz#32713bc028f75c02fdb710d7c7bcec1f2c6070ef"
  integrity sha512-MQcXEUbCKtEo7bhqEs6560Hyd4XaovZlO/k9V3hjVUF/zwW7KBVdSK4gIt/bzwS9MbR5qob+F5jusZsb0YQK2A==

date-fns@2.0.0-alpha.22:
  version "2.0.0-alpha.22"
  resolved "https://registry.yarnpkg.com/date-fns/-/date-fns-2.0.0-alpha.22.tgz#c65f5dd7e959c59f8ea5591e458afc76a2a0d8d0"
  integrity sha512-ovlz0I0OFhyn9bgTfqFAUvJvo8VS9mUuOxZ6cwKwBjSx42lMpXPGolcINYZoTNAG2M4YJ3QoApiQQljQEuy/Uw==

diff@^4.0.1:
  version "4.0.2"
  resolved "https://registry.yarnpkg.com/diff/-/diff-4.0.2.tgz#60f3aecb89d5fae520c11aa19efc2bb982aade7d"
  integrity sha512-58lmxKSA4BNyLz+HHMUzlOEpg09FV+ev6ZMe3vJihgdxzgcwZ8VoEEPmALCZG9LmqfVoNMMKpttIYTVG6uDY7A==

elliptic@6.5.3:
  version "6.5.3"
  resolved "https://registry.yarnpkg.com/elliptic/-/elliptic-6.5.3.tgz#cb59eb2efdaf73a0bd78ccd7015a62ad6e0f93d6"
  integrity sha512-IMqzv5wNQf+E6aHeIqATs0tOLeOTwj1QKbRcS3jBbYkl5oLAserA8yJTT7/VyHUYG91PRmPyeQDObKLPpeS4dw==
  dependencies:
    bn.js "^4.4.0"
    brorand "^1.0.1"
    hash.js "^1.0.0"
    hmac-drbg "^1.0.0"
    inherits "^2.0.1"
    minimalistic-assert "^1.0.0"
    minimalistic-crypto-utils "^1.0.0"

ethers@^5.0.0, ethers@^5.0.7:
  version "5.0.14"
  resolved "https://registry.yarnpkg.com/ethers/-/ethers-5.0.14.tgz#fc33613ff3c1eb04c481f32083f2be315079e2a2"
  integrity sha512-6WkoYwAURTr/4JiSZlrMJ9mm3pBv/bWrOu7sVXdLGw9QU4cp/GDZVrKKnh5GafMTzanuNBJoaEanPCjsbe4Mig==
  dependencies:
    "@ethersproject/abi" "^5.0.5"
    "@ethersproject/abstract-provider" "^5.0.4"
    "@ethersproject/abstract-signer" "^5.0.4"
    "@ethersproject/address" "^5.0.4"
    "@ethersproject/base64" "^5.0.3"
    "@ethersproject/basex" "^5.0.3"
    "@ethersproject/bignumber" "^5.0.7"
    "@ethersproject/bytes" "^5.0.4"
    "@ethersproject/constants" "^5.0.4"
    "@ethersproject/contracts" "^5.0.4"
    "@ethersproject/hash" "^5.0.4"
    "@ethersproject/hdnode" "^5.0.4"
    "@ethersproject/json-wallets" "^5.0.6"
    "@ethersproject/keccak256" "^5.0.3"
    "@ethersproject/logger" "^5.0.5"
    "@ethersproject/networks" "^5.0.3"
    "@ethersproject/pbkdf2" "^5.0.3"
    "@ethersproject/properties" "^5.0.3"
    "@ethersproject/providers" "^5.0.8"
    "@ethersproject/random" "^5.0.3"
    "@ethersproject/rlp" "^5.0.3"
    "@ethersproject/sha2" "^5.0.3"
    "@ethersproject/signing-key" "^5.0.4"
    "@ethersproject/solidity" "^5.0.4"
    "@ethersproject/strings" "^5.0.4"
    "@ethersproject/transactions" "^5.0.5"
    "@ethersproject/units" "^5.0.4"
    "@ethersproject/wallet" "^5.0.4"
    "@ethersproject/web" "^5.0.6"
    "@ethersproject/wordlists" "^5.0.4"

eventemitter3@^3.1.0:
  version "3.1.2"
  resolved "https://registry.yarnpkg.com/eventemitter3/-/eventemitter3-3.1.2.tgz#2d3d48f9c346698fce83a85d7d664e98535df6e7"
  integrity sha512-tvtQIeLVHjDkJYnzf2dgVMxfuSGJeM/7UCG17TT4EumTfNtF+0nebF/4zWOIkCreAbtNqhGEboB6BWrwqNaw4Q==

graphql-tag@^2.10.3:
  version "2.11.0"
  resolved "https://registry.yarnpkg.com/graphql-tag/-/graphql-tag-2.11.0.tgz#1deb53a01c46a7eb401d6cb59dec86fa1cccbffd"
  integrity sha512-VmsD5pJqWJnQZMUeRwrDhfgoyqcfwEkvtpANqcoUG8/tOLkwNgU9mzub/Mc78OJMhHjx7gfAMTxzdG43VGg3bA==

graphql@^15.0.0:
  version "15.3.0"
  resolved "https://registry.yarnpkg.com/graphql/-/graphql-15.3.0.tgz#3ad2b0caab0d110e3be4a5a9b2aa281e362b5278"
  integrity sha512-GTCJtzJmkFLWRfFJuoo9RWWa/FfamUHgiFosxi/X1Ani4AVWbeyBenZTNX6dM+7WSbbFfTo/25eh0LLkwHMw2w==

hash.js@1.1.3:
  version "1.1.3"
  resolved "https://registry.yarnpkg.com/hash.js/-/hash.js-1.1.3.tgz#340dedbe6290187151c1ea1d777a3448935df846"
  integrity sha512-/UETyP0W22QILqS+6HowevwhEFJ3MBJnwTf75Qob9Wz9t0DPuisL8kW8YZMK62dHAKE1c1p+gY1TtOLY+USEHA==
  dependencies:
    inherits "^2.0.3"
    minimalistic-assert "^1.0.0"

hash.js@^1.0.0, hash.js@^1.0.3:
  version "1.1.7"
  resolved "https://registry.yarnpkg.com/hash.js/-/hash.js-1.1.7.tgz#0babca538e8d4ee4a0f8988d68866537a003cf42"
  integrity sha512-taOaskGt4z4SOANNseOviYDvjEJinIkRgmp7LbKP2YTTmVxWBl87s/uzK9r+44BclBSp2X7K1hqeNfz9JbBeXA==
  dependencies:
    inherits "^2.0.3"
    minimalistic-assert "^1.0.1"

hmac-drbg@^1.0.0:
  version "1.0.1"
  resolved "https://registry.yarnpkg.com/hmac-drbg/-/hmac-drbg-1.0.1.tgz#d2745701025a6c775a6c545793ed502fc0c649a1"
  integrity sha1-0nRXAQJabHdabFRXk+1QL8DGSaE=
  dependencies:
    hash.js "^1.0.3"
    minimalistic-assert "^1.0.0"
    minimalistic-crypto-utils "^1.0.1"

inherits@^2.0.1, inherits@^2.0.3:
  version "2.0.4"
  resolved "https://registry.yarnpkg.com/inherits/-/inherits-2.0.4.tgz#0fa2c64f932917c3433a0ded55363aae37416b7c"
  integrity sha512-k/vGaX4/Yla3WzyMCvTQOXYeIHvqOKtnqBduzTHpzpQZzAskKMhZ2K+EnBiSM9zGSoIFeMpXKxa4dYeZIQqewQ==

isomorphic-unfetch@^3.0.0:
  version "3.0.0"
  resolved "https://registry.yarnpkg.com/isomorphic-unfetch/-/isomorphic-unfetch-3.0.0.tgz#de6d80abde487b17de2c400a7ef9e5ecc2efb362"
  integrity sha512-V0tmJSYfkKokZ5mgl0cmfQMTb7MLHsBMngTkbLY0eXvKqiVRRoZP04Ly+KhKrJfKtzC9E6Pp15Jo+bwh7Vi2XQ==
  dependencies:
    node-fetch "^2.2.0"
    unfetch "^4.0.0"

isomorphic-ws@^4.0.1:
  version "4.0.1"
  resolved "https://registry.yarnpkg.com/isomorphic-ws/-/isomorphic-ws-4.0.1.tgz#55fd4cd6c5e6491e76dc125938dd863f5cd4f2dc"
  integrity sha512-BhBvN2MBpWTaSHdWRb/bwdZJ1WaehQ2L1KngkCkfLUGF0mAWAT1sQUQacEmQ0jXkFw/czDXPNQSL5u2/Krsz1w==

iterall@^1.2.1:
  version "1.3.0"
  resolved "https://registry.yarnpkg.com/iterall/-/iterall-1.3.0.tgz#afcb08492e2915cbd8a0884eb93a8c94d0d72fea"
  integrity sha512-QZ9qOMdF+QLHxy1QIpUHUU1D5pS2CG2P69LF6L6CPjPYA/XMOmKV3PZpawHoAjHNyB0swdVTRxdYT4tbBbxqwg==

js-sha3@0.5.7:
  version "0.5.7"
  resolved "https://registry.yarnpkg.com/js-sha3/-/js-sha3-0.5.7.tgz#0d4ffd8002d5333aabaf4a23eed2f6374c9f28e7"
  integrity sha1-DU/9gALVMzqrr0oj7tL2N0yfKOc=

make-error@^1.1.1:
  version "1.3.6"
  resolved "https://registry.yarnpkg.com/make-error/-/make-error-1.3.6.tgz#2eb2e37ea9b67c4891f684a1394799af484cf7a2"
  integrity sha512-s8UhlNe7vPKomQhC1qFelMokr/Sc3AgNbso3n74mVPA5LTZwkB9NlXf4XPamLxJE8h0gh73rM94xvwRT2CVInw==

minimalistic-assert@^1.0.0, minimalistic-assert@^1.0.1:
  version "1.0.1"
  resolved "https://registry.yarnpkg.com/minimalistic-assert/-/minimalistic-assert-1.0.1.tgz#2e194de044626d4a10e7f7fbc00ce73e83e4d5c7"
  integrity sha512-UtJcAD4yEaGtjPezWuO9wC4nwUnVH/8/Im3yEHQP4b67cXlD/Qr9hdITCU1xDbSEXg2XKNaP8jsReV7vQd00/A==

minimalistic-crypto-utils@^1.0.0, minimalistic-crypto-utils@^1.0.1:
  version "1.0.1"
  resolved "https://registry.yarnpkg.com/minimalistic-crypto-utils/-/minimalistic-crypto-utils-1.0.1.tgz#f6c00c1c0b082246e5c4d99dfb8c7c083b2b582a"
  integrity sha1-9sAMHAsIIkblxNmd+4x8CDsrWCo=

node-fetch@^2.2.0:
  version "2.6.1"
  resolved "https://registry.yarnpkg.com/node-fetch/-/node-fetch-2.6.1.tgz#045bd323631f76ed2e2b55573394416b639a0052"
  integrity sha512-V4aYg89jEoVRxRb2fJdAg8FHvI7cEyYdVAh94HH0UIK8oJxUfkjlDQN9RbMx+bEjP7+ggMiFRprSti032Oipxw==

radspec@^2.0.0-rc.2:
  version "2.0.0-rc.2"
  resolved "https://registry.yarnpkg.com/radspec/-/radspec-2.0.0-rc.2.tgz#0ab09853586ab34be3099dde774880a200d14047"
  integrity sha512-etB24HzGpuqngCqTLOKCmJw6YWcyaaHMZth5mzpTHB5jqkL2VWkr8O0rjzxqV0DKZmKBF07mEQuHbod9sKo8mw==
  dependencies:
    "@babel/runtime" "^7.1.2"
    date-fns "2.0.0-alpha.22"
    ethers "^5.0.0"

regenerator-runtime@^0.13.4:
  version "0.13.7"
  resolved "https://registry.yarnpkg.com/regenerator-runtime/-/regenerator-runtime-0.13.7.tgz#cac2dacc8a1ea675feaabaeb8ae833898ae46f55"
  integrity sha512-a54FxoJDIr27pgf7IgeQGxmqUNYrcV338lf/6gH456HZ/PhX+5BcwHXG9ajESmwe6WRO0tAzRUrRmNONWgkrew==

scrypt-js@3.0.1:
  version "3.0.1"
  resolved "https://registry.yarnpkg.com/scrypt-js/-/scrypt-js-3.0.1.tgz#d314a57c2aef69d1ad98a138a21fe9eafa9ee312"
  integrity sha512-cdwTTnqPu0Hyvf5in5asVdZocVDTNRmR7XEcJuIzMjJeSHybHl7vpB66AzwTaIg6CLSbtjcxc8fqcySfnTkccA==

source-map-support@^0.5.17:
  version "0.5.19"
  resolved "https://registry.yarnpkg.com/source-map-support/-/source-map-support-0.5.19.tgz#a98b62f86dcaf4f67399648c085291ab9e8fed61"
  integrity sha512-Wonm7zOCIJzBGQdB+thsPar0kYuCIzYvxZwlBa87yi/Mdjv7Tip2cyVbLj5o0cFPN4EVkuTwb3GDDyUx2DGnGw==
  dependencies:
    buffer-from "^1.0.0"
    source-map "^0.6.0"

source-map@^0.6.0:
  version "0.6.1"
  resolved "https://registry.yarnpkg.com/source-map/-/source-map-0.6.1.tgz#74722af32e9614e9c287a8d0bbde48b5e2f1a263"
  integrity sha512-UjgapumWlbMhkBgzT7Ykc5YXUT46F0iKu8SGXq0bcwP5dz/h0Plj6enJqjz1Zbq2l5WaqYnrVbwWOWMyF3F47g==

subscriptions-transport-ws@^0.9.16:
  version "0.9.18"
  resolved "https://registry.yarnpkg.com/subscriptions-transport-ws/-/subscriptions-transport-ws-0.9.18.tgz#bcf02320c911fbadb054f7f928e51c6041a37b97"
  integrity sha512-tztzcBTNoEbuErsVQpTN2xUNN/efAZXyCyL5m3x4t6SKrEiTL2N8SaKWBFWM4u56pL79ULif3zjyeq+oV+nOaA==
  dependencies:
    backo2 "^1.0.2"
    eventemitter3 "^3.1.0"
    iterall "^1.2.1"
    symbol-observable "^1.0.4"
    ws "^5.2.0"

symbol-observable@^1.0.4:
  version "1.2.0"
  resolved "https://registry.yarnpkg.com/symbol-observable/-/symbol-observable-1.2.0.tgz#c22688aed4eab3cdc2dfeacbb561660560a00804"
  integrity sha512-e900nM8RRtGhlV36KGEU9k65K3mPb1WV70OdjfxlG2EAuM1noi/E/BaW/uMhL7bPEssK8QV57vN3esixjUvcXQ==

ts-node@^8.10.2:
  version "8.10.2"
  resolved "https://registry.yarnpkg.com/ts-node/-/ts-node-8.10.2.tgz#eee03764633b1234ddd37f8db9ec10b75ec7fb8d"
  integrity sha512-ISJJGgkIpDdBhWVu3jufsWpK3Rzo7bdiIXJjQc0ynKxVOVcg2oIrf2H2cejminGrptVc6q6/uynAHNCuWGbpVA==
  dependencies:
    arg "^4.1.0"
    diff "^4.0.1"
    make-error "^1.1.1"
    source-map-support "^0.5.17"
    yn "3.1.1"

typescript@^3.8.3:
  version "3.9.7"
  resolved "https://registry.yarnpkg.com/typescript/-/typescript-3.9.7.tgz#98d600a5ebdc38f40cb277522f12dc800e9e25fa"
  integrity sha512-BLbiRkiBzAwsjut4x/dsibSTB6yWpwT5qWmC2OfuCg3GgVQCSgMs4vEctYPhsaGtd0AeuuHMkjZ2h2WG8MSzRw==

unfetch@^4.0.0:
  version "4.1.0"
  resolved "https://registry.yarnpkg.com/unfetch/-/unfetch-4.1.0.tgz#6ec2dd0de887e58a4dee83a050ded80ffc4137db"
  integrity sha512-crP/n3eAPUJxZXM9T80/yv0YhkTEx2K1D3h7D1AJM6fzsWZrxdyRuLN0JH/dkZh1LNH8LxCnBzoPFCPbb2iGpg==

wonka@^4.0.14:
  version "4.0.14"
  resolved "https://registry.yarnpkg.com/wonka/-/wonka-4.0.14.tgz#77d680a84e575ed15a9f975eb87d6c530488f3a4"
  integrity sha512-v9vmsTxpZjrA8CYfztbuoTQSHEsG3ZH+NCYfasHm0V3GqBupXrjuuz0RJyUaw2cRO7ouW2js0P6i853/qxlDcA==

ws@7.2.3:
  version "7.2.3"
  resolved "https://registry.yarnpkg.com/ws/-/ws-7.2.3.tgz#a5411e1fb04d5ed0efee76d26d5c46d830c39b46"
  integrity sha512-HTDl9G9hbkNDk98naoR/cHDws7+EyYMOdL1BmjsZXRUjf7d+MficC4B7HLUPlSiho0vg+CWKrGIt/VJBd1xunQ==

ws@^5.2.0:
  version "5.2.2"
  resolved "https://registry.yarnpkg.com/ws/-/ws-5.2.2.tgz#dffef14866b8e8dc9133582514d1befaf96e980f"
  integrity sha512-jaHFD6PFv6UgoIVda6qZllptQsMlDEJkTQcybzzXDYM1XO9Y8em691FGMPmM46WGyLU4z9KMgQN+qrux/nhlHA==
  dependencies:
    async-limiter "~1.0.0"

yn@3.1.1:
  version "3.1.1"
  resolved "https://registry.yarnpkg.com/yn/-/yn-3.1.1.tgz#1e87401a09d767c1d5eab26a6e4c185182d2eb50"
  integrity sha512-Ux4ygGWsu2c7isFWe8Yu1YluJmqVhxqK2cLXNQA5AcC3QfbGNpM7fu0Y8b/z16pXLnFxZYvWhd3fhBY9DLmC6Q==
